// !$*UTF8*$!
{
	archiveVersion = 1;
	classes = {
	};
	objectVersion = 56;
	objects = {

/* Begin PBXBuildFile section */
		C3B3F5CC2E826F0500D433D9 /* Chirkova_DariaApp.swift in Sources */ = {isa = PBXBuildFile; fileRef = C3B3F5CB2E826F0500D433D9 /* Chirkova_DariaApp.swift */; };
		C3B3F5CE2E826F0500D433D9 /* ContentView.swift in Sources */ = {isa = PBXBuildFile; fileRef = C3B3F5CD2E826F0500D433D9 /* ContentView.swift */; };
		C3B3F5D02E826F0700D433D9 /* Assets.xcassets in Resources */ = {isa = PBXBuildFile; fileRef = C3B3F5CF2E826F0700D433D9 /* Assets.xcassets */; };
		C3B3F5D32E826F0700D433D9 /* Preview Assets.xcassets in Resources */ = {isa = PBXBuildFile; fileRef = C3B3F5D22E826F0700D433D9 /* Preview Assets.xcassets */; };
		C3B3F5DE2E826F0700D433D9 /* Chirkova_DariaTests.swift in Sources */ = {isa = PBXBuildFile; fileRef = C3B3F5DD2E826F0700D433D9 /* Chirkova_DariaTests.swift */; };
		C3B3F5E82E826F0700D433D9 /* Chirkova_DariaUITests.swift in Sources */ = {isa = PBXBuildFile; fileRef = C3B3F5E72E826F0700D433D9 /* Chirkova_DariaUITests.swift */; };
		C3B3F5EA2E826F0700D433D9 /* Chirkova_DariaUITestsLaunchTests.swift in Sources */ = {isa = PBXBuildFile; fileRef = C3B3F5E92E826F0700D433D9 /* Chirkova_DariaUITestsLaunchTests.swift */; };
/* End PBXBuildFile section */

/* Begin PBXContainerItemProxy section */
		C3B3F5DA2E826F0700D433D9 /* PBXContainerItemProxy */ = {
			isa = PBXContainerItemProxy;
			containerPortal = C3B3F5C02E826F0500D433D9 /* Project object */;
			proxyType = 1;
			remoteGlobalIDString = C3B3F5C72E826F0500D433D9;
			remoteInfo = "Chirkova-Daria";
		};
		C3B3F5E42E826F0700D433D9 /* PBXContainerItemProxy */ = {
			isa = PBXContainerItemProxy;
			containerPortal = C3B3F5C02E826F0500D433D9 /* Project object */;
			proxyType = 1;
			remoteGlobalIDString = C3B3F5C72E826F0500D433D9;
			remoteInfo = "Chirkova-Daria";
		};
/* End PBXContainerItemProxy section */

/* Begin PBXFileReference section */
		C3B3F5C82E826F0500D433D9 /* Chirkova-Daria.app */ = {isa = PBXFileReference; explicitFileType = wrapper.application; includeInIndex = 0; path = "Chirkova-Daria.app"; sourceTree = BUILT_PRODUCTS_DIR; };
		C3B3F5CB2E826F0500D433D9 /* Chirkova_DariaApp.swift */ = {isa = PBXFileReference; lastKnownFileType = sourcecode.swift; path = Chirkova_DariaApp.swift; sourceTree = "<group>"; };
		C3B3F5CD2E826F0500D433D9 /* ContentView.swift */ = {isa = PBXFileReference; lastKnownFileType = sourcecode.swift; path = ContentView.swift; sourceTree = "<group>"; };
		C3B3F5CF2E826F0700D433D9 /* Assets.xcassets */ = {isa = PBXFileReference; lastKnownFileType = folder.assetcatalog; path = Assets.xcassets; sourceTree = "<group>"; };
		C3B3F5D22E826F0700D433D9 /* Preview Assets.xcassets */ = {isa = PBXFileReference; lastKnownFileType = folder.assetcatalog; path = "Preview Assets.xcassets"; sourceTree = "<group>"; };
		C3B3F5D42E826F0700D433D9 /* Chirkova_Daria.entitlements */ = {isa = PBXFileReference; lastKnownFileType = text.plist.entitlements; path = Chirkova_Daria.entitlements; sourceTree = "<group>"; };
		C3B3F5D92E826F0700D433D9 /* Chirkova-DariaTests.xctest */ = {isa = PBXFileReference; explicitFileType = wrapper.cfbundle; includeInIndex = 0; path = "Chirkova-DariaTests.xctest"; sourceTree = BUILT_PRODUCTS_DIR; };
		C3B3F5DD2E826F0700D433D9 /* Chirkova_DariaTests.swift */ = {isa = PBXFileReference; lastKnownFileType = sourcecode.swift; path = Chirkova_DariaTests.swift; sourceTree = "<group>"; };
		C3B3F5E32E826F0700D433D9 /* Chirkova-DariaUITests.xctest */ = {isa = PBXFileReference; explicitFileType = wrapper.cfbundle; includeInIndex = 0; path = "Chirkova-DariaUITests.xctest"; sourceTree = BUILT_PRODUCTS_DIR; };
		C3B3F5E72E826F0700D433D9 /* Chirkova_DariaUITests.swift */ = {isa = PBXFileReference; lastKnownFileType = sourcecode.swift; path = Chirkova_DariaUITests.swift; sourceTree = "<group>"; };
		C3B3F5E92E826F0700D433D9 /* Chirkova_DariaUITestsLaunchTests.swift */ = {isa = PBXFileReference; lastKnownFileType = sourcecode.swift; path = Chirkova_DariaUITestsLaunchTests.swift; sourceTree = "<group>"; };
/* End PBXFileReference section */

/* Begin PBXFrameworksBuildPhase section */
		C3B3F5C52E826F0500D433D9 /* Frameworks */ = {
			isa = PBXFrameworksBuildPhase;
			buildActionMask = 2147483647;
			files = (
			);
			runOnlyForDeploymentPostprocessing = 0;
		};
		C3B3F5D62E826F0700D433D9 /* Frameworks */ = {
			isa = PBXFrameworksBuildPhase;
			buildActionMask = 2147483647;
			files = (
			);
			runOnlyForDeploymentPostprocessing = 0;
		};
		C3B3F5E02E826F0700D433D9 /* Frameworks */ = {
			isa = PBXFrameworksBuildPhase;
			buildActionMask = 2147483647;
			files = (
			);
			runOnlyForDeploymentPostprocessing = 0;
		};
/* End PBXFrameworksBuildPhase section */

/* Begin PBXGroup section */
		C3B3F5BF2E826F0500D433D9 = {
			isa = PBXGroup;
			children = (
				C3B3F5CA2E826F0500D433D9 /* Chirkova-Daria */,
				C3B3F5DC2E826F0700D433D9 /* Chirkova-DariaTests */,
				C3B3F5E62E826F0700D433D9 /* Chirkova-DariaUITests */,
				C3B3F5C92E826F0500D433D9 /* Products */,
			);
			sourceTree = "<group>";
		};
		C3B3F5C92E826F0500D433D9 /* Products */ = {
			isa = PBXGroup;
			children = (
				C3B3F5C82E826F0500D433D9 /* Chirkova-Daria.app */,
				C3B3F5D92E826F0700D433D9 /* Chirkova-DariaTests.xctest */,
				C3B3F5E32E826F0700D433D9 /* Chirkova-DariaUITests.xctest */,
			);
			name = Products;
			sourceTree = "<group>";
		};
		C3B3F5CA2E826F0500D433D9 /* Chirkova-Daria */ = {
			isa = PBXGroup;
			children = (
				C3B3F5CB2E826F0500D433D9 /* Chirkova_DariaApp.swift */,
				C3B3F5CD2E826F0500D433D9 /* ContentView.swift */,
				C3B3F5CF2E826F0700D433D9 /* Assets.xcassets */,
				C3B3F5D42E826F0700D433D9 /* Chirkova_Daria.entitlements */,
				C3B3F5D12E826F0700D433D9 /* Preview Content */,
			);
			path = "Chirkova-Daria";
			sourceTree = "<group>";
		};
		C3B3F5D12E826F0700D433D9 /* Preview Content */ = {
			isa = PBXGroup;
			children = (
				C3B3F5D22E826F0700D433D9 /* Preview Assets.xcassets */,
			);
			path = "Preview Content";
			sourceTree = "<group>";
		};
		C3B3F5DC2E826F0700D433D9 /* Chirkova-DariaTests */ = {
			isa = PBXGroup;
			children = (
				C3B3F5DD2E826F0700D433D9 /* Chirkova_DariaTests.swift */,
			);
			path = "Chirkova-DariaTests";
			sourceTree = "<group>";
		};
		C3B3F5E62E826F0700D433D9 /* Chirkova-DariaUITests */ = {
			isa = PBXGroup;
			children = (
				C3B3F5E72E826F0700D433D9 /* Chirkova_DariaUITests.swift */,
				C3B3F5E92E826F0700D433D9 /* Chirkova_DariaUITestsLaunchTests.swift */,
			);
			path = "Chirkova-DariaUITests";
			sourceTree = "<group>";
		};
/* End PBXGroup section */

/* Begin PBXNativeTarget section */
		C3B3F5C72E826F0500D433D9 /* Chirkova-Daria */ = {
			isa = PBXNativeTarget;
			buildConfigurationList = C3B3F5ED2E826F0700D433D9 /* Build configuration list for PBXNativeTarget "Chirkova-Daria" */;
			buildPhases = (
				C3B3F5C42E826F0500D433D9 /* Sources */,
				C3B3F5C52E826F0500D433D9 /* Frameworks */,
				C3B3F5C62E826F0500D433D9 /* Resources */,
			);
			buildRules = (
			);
			dependencies = (
			);
			name = "Chirkova-Daria";
			productName = "Chirkova-Daria";
			productReference = C3B3F5C82E826F0500D433D9 /* Chirkova-Daria.app */;
			productType = "com.apple.product-type.application";
		};
		C3B3F5D82E826F0700D433D9 /* Chirkova-DariaTests */ = {
			isa = PBXNativeTarget;
			buildConfigurationList = C3B3F5F02E826F0700D433D9 /* Build configuration list for PBXNativeTarget "Chirkova-DariaTests" */;
			buildPhases = (
				C3B3F5D52E826F0700D433D9 /* Sources */,
				C3B3F5D62E826F0700D433D9 /* Frameworks */,
				C3B3F5D72E826F0700D433D9 /* Resources */,
			);
			buildRules = (
			);
			dependencies = (
				C3B3F5DB2E826F0700D433D9 /* PBXTargetDependency */,
			);
			name = "Chirkova-DariaTests";
			productName = "Chirkova-DariaTests";
			productReference = C3B3F5D92E826F0700D433D9 /* Chirkova-DariaTests.xctest */;
			productType = "com.apple.product-type.bundle.unit-test";
		};
		C3B3F5E22E826F0700D433D9 /* Chirkova-DariaUITests */ = {
			isa = PBXNativeTarget;
			buildConfigurationList = C3B3F5F32E826F0700D433D9 /* Build configuration list for PBXNativeTarget "Chirkova-DariaUITests" */;
			buildPhases = (
				C3B3F5DF2E826F0700D433D9 /* Sources */,
				C3B3F5E02E826F0700D433D9 /* Frameworks */,
				C3B3F5E12E826F0700D433D9 /* Resources */,
			);
			buildRules = (
			);
			dependencies = (
				C3B3F5E52E826F0700D433D9 /* PBXTargetDependency */,
			);
			name = "Chirkova-DariaUITests";
			productName = "Chirkova-DariaUITests";
			productReference = C3B3F5E32E826F0700D433D9 /* Chirkova-DariaUITests.xctest */;
			productType = "com.apple.product-type.bundle.ui-testing";
		};
/* End PBXNativeTarget section */

/* Begin PBXProject section */
		C3B3F5C02E826F0500D433D9 /* Project object */ = {
			isa = PBXProject;
			attributes = {
				BuildIndependentTargetsInParallel = 1;
				LastSwiftUpdateCheck = 1540;
				LastUpgradeCheck = 1540;
				TargetAttributes = {
					C3B3F5C72E826F0500D433D9 = {
						CreatedOnToolsVersion = 15.4;
					};
					C3B3F5D82E826F0700D433D9 = {
						CreatedOnToolsVersion = 15.4;
						TestTargetID = C3B3F5C72E826F0500D433D9;
					};
					C3B3F5E22E826F0700D433D9 = {
						CreatedOnToolsVersion = 15.4;
						TestTargetID = C3B3F5C72E826F0500D433D9;
					};
				};
			};
			buildConfigurationList = C3B3F5C32E826F0500D433D9 /* Build configuration list for PBXProject "Chirkova-Daria" */;
			compatibilityVersion = "Xcode 14.0";
			developmentRegion = en;
			hasScannedForEncodings = 0;
			knownRegions = (
				en,
				Base,
			);
			mainGroup = C3B3F5BF2E826F0500D433D9;
			productRefGroup = C3B3F5C92E826F0500D433D9 /* Products */;
			projectDirPath = "";
			projectRoot = "";
			targets = (
				C3B3F5C72E826F0500D433D9 /* Chirkova-Daria */,
				C3B3F5D82E826F0700D433D9 /* Chirkova-DariaTests */,
				C3B3F5E22E826F0700D433D9 /* Chirkova-DariaUITests */,
			);
		};
/* End PBXProject section */

/* Begin PBXResourcesBuildPhase section */
		C3B3F5C62E826F0500D433D9 /* Resources */ = {
			isa = PBXResourcesBuildPhase;
			buildActionMask = 2147483647;
			files = (
				C3B3F5D32E826F0700D433D9 /* Preview Assets.xcassets in Resources */,
				C3B3F5D02E826F0700D433D9 /* Assets.xcassets in Resources */,
			);
			runOnlyForDeploymentPostprocessing = 0;
		};
		C3B3F5D72E826F0700D433D9 /* Resources */ = {
			isa = PBXResourcesBuildPhase;
			buildActionMask = 2147483647;
			files = (
			);
			runOnlyForDeploymentPostprocessing = 0;
		};
		C3B3F5E12E826F0700D433D9 /* Resources */ = {
			isa = PBXResourcesBuildPhase;
			buildActionMask = 2147483647;
			files = (
			);
			runOnlyForDeploymentPostprocessing = 0;
		};
/* End PBXResourcesBuildPhase section */

/* Begin PBXSourcesBuildPhase section */
		C3B3F5C42E826F0500D433D9 /* Sources */ = {
			isa = PBXSourcesBuildPhase;
			buildActionMask = 2147483647;
			files = (
				C3B3F5CE2E826F0500D433D9 /* ContentView.swift in Sources */,
				C3B3F5CC2E826F0500D433D9 /* Chirkova_DariaApp.swift in Sources */,
			);
			runOnlyForDeploymentPostprocessing = 0;
		};
		C3B3F5D52E826F0700D433D9 /* Sources */ = {
			isa = PBXSourcesBuildPhase;
			buildActionMask = 2147483647;
			files = (
				C3B3F5DE2E826F0700D433D9 /* Chirkova_DariaTests.swift in Sources */,
			);
			runOnlyForDeploymentPostprocessing = 0;
		};
		C3B3F5DF2E826F0700D433D9 /* Sources */ = {
			isa = PBXSourcesBuildPhase;
			buildActionMask = 2147483647;
			files = (
				C3B3F5E82E826F0700D433D9 /* Chirkova_DariaUITests.swift in Sources */,
				C3B3F5EA2E826F0700D433D9 /* Chirkova_DariaUITestsLaunchTests.swift in Sources */,
			);
			runOnlyForDeploymentPostprocessing = 0;
		};
/* End PBXSourcesBuildPhase section */

/* Begin PBXTargetDependency section */
		C3B3F5DB2E826F0700D433D9 /* PBXTargetDependency */ = {
			isa = PBXTargetDependency;
			target = C3B3F5C72E826F0500D433D9 /* Chirkova-Daria */;
			targetProxy = C3B3F5DA2E826F0700D433D9 /* PBXContainerItemProxy */;
		};
		C3B3F5E52E826F0700D433D9 /* PBXTargetDependency */ = {
			isa = PBXTargetDependency;
			target = C3B3F5C72E826F0500D433D9 /* Chirkova-Daria */;
			targetProxy = C3B3F5E42E826F0700D433D9 /* PBXContainerItemProxy */;
		};
/* End PBXTargetDependency section */

/* Begin XCBuildConfiguration section */
		C3B3F5EB2E826F0700D433D9 /* Debug */ = {
			isa = XCBuildConfiguration;
			buildSettings = {
				ALWAYS_SEARCH_USER_PATHS = NO;
				ASSETCATALOG_COMPILER_GENERATE_SWIFT_ASSET_SYMBOL_EXTENSIONS = YES;
				CLANG_ANALYZER_NONNULL = YES;
				CLANG_ANALYZER_NUMBER_OBJECT_CONVERSION = YES_AGGRESSIVE;
				CLANG_CXX_LANGUAGE_STANDARD = "gnu++20";
				CLANG_ENABLE_MODULES = YES;
				CLANG_ENABLE_OBJC_ARC = YES;
				CLANG_ENABLE_OBJC_WEAK = YES;
				CLANG_WARN_BLOCK_CAPTURE_AUTORELEASING = YES;
				CLANG_WARN_BOOL_CONVERSION = YES;
				CLANG_WARN_COMMA = YES;
				CLANG_WARN_CONSTANT_CONVERSION = YES;
				CLANG_WARN_DEPRECATED_OBJC_IMPLEMENTATIONS = YES;
				CLANG_WARN_DIRECT_OBJC_ISA_USAGE = YES_ERROR;
				CLANG_WARN_DOCUMENTATION_COMMENTS = YES;
				CLANG_WARN_EMPTY_BODY = YES;
				CLANG_WARN_ENUM_CONVERSION = YES;
				CLANG_WARN_INFINITE_RECURSION = YES;
				CLANG_WARN_INT_CONVERSION = YES;
				CLANG_WARN_NON_LITERAL_NULL_CONVERSION = YES;
				CLANG_WARN_OBJC_IMPLICIT_RETAIN_SELF = YES;
				CLANG_WARN_OBJC_LITERAL_CONVERSION = YES;
				CLANG_WARN_OBJC_ROOT_CLASS = YES_ERROR;
				CLANG_WARN_QUOTED_INCLUDE_IN_FRAMEWORK_HEADER = YES;
				CLANG_WARN_RANGE_LOOP_ANALYSIS = YES;
				CLANG_WARN_STRICT_PROTOTYPES = YES;
				CLANG_WARN_SUSPICIOUS_MOVE = YES;
				CLANG_WARN_UNGUARDED_AVAILABILITY = YES_AGGRESSIVE;
				CLANG_WARN_UNREACHABLE_CODE = YES;
				CLANG_WARN__DUPLICATE_METHOD_MATCH = YES;
				COPY_PHASE_STRIP = NO;
				DEBUG_INFORMATION_FORMAT = dwarf;
				ENABLE_STRICT_OBJC_MSGSEND = YES;
				ENABLE_TESTABILITY = YES;
				ENABLE_USER_SCRIPT_SANDBOXING = YES;
				GCC_C_LANGUAGE_STANDARD = gnu17;
				GCC_DYNAMIC_NO_PIC = NO;
				GCC_NO_COMMON_BLOCKS = YES;
				GCC_OPTIMIZATION_LEVEL = 0;
				GCC_PREPROCESSOR_DEFINITIONS = (
					"DEBUG=1",
					"$(inherited)",
				);
				GCC_WARN_64_TO_32_BIT_CONVERSION = YES;
				GCC_WARN_ABOUT_RETURN_TYPE = YES_ERROR;
				GCC_WARN_UNDECLARED_SELECTOR = YES;
				GCC_WARN_UNINITIALIZED_AUTOS = YES_AGGRESSIVE;
				GCC_WARN_UNUSED_FUNCTION = YES;
				GCC_WARN_UNUSED_VARIABLE = YES;
				LOCALIZATION_PREFERS_STRING_CATALOGS = YES;
				MACOSX_DEPLOYMENT_TARGET = 14.0;
				MTL_ENABLE_DEBUG_INFO = INCLUDE_SOURCE;
				MTL_FAST_MATH = YES;
				ONLY_ACTIVE_ARCH = YES;
				SDKROOT = macosx;
				SWIFT_ACTIVE_COMPILATION_CONDITIONS = "DEBUG $(inherited)";
				SWIFT_OPTIMIZATION_LEVEL = "-Onone";
			};
			name = Debug;
		};
		C3B3F5EC2E826F0700D433D9 /* Release */ = {
			isa = XCBuildConfiguration;
			buildSettings = {
				ALWAYS_SEARCH_USER_PATHS = NO;
				ASSETCATALOG_COMPILER_GENERATE_SWIFT_ASSET_SYMBOL_EXTENSIONS = YES;
				CLANG_ANALYZER_NONNULL = YES;
				CLANG_ANALYZER_NUMBER_OBJECT_CONVERSION = YES_AGGRESSIVE;
				CLANG_CXX_LANGUAGE_STANDARD = "gnu++20";
				CLANG_ENABLE_MODULES = YES;
				CLANG_ENABLE_OBJC_ARC = YES;
				CLANG_ENABLE_OBJC_WEAK = YES;
				CLANG_WARN_BLOCK_CAPTURE_AUTORELEASING = YES;
				CLANG_WARN_BOOL_CONVERSION = YES;
				CLANG_WARN_COMMA = YES;
				CLANG_WARN_CONSTANT_CONVERSION = YES;
				CLANG_WARN_DEPRECATED_OBJC_IMPLEMENTATIONS = YES;
				CLANG_WARN_DIRECT_OBJC_ISA_USAGE = YES_ERROR;
				CLANG_WARN_DOCUMENTATION_COMMENTS = YES;
				CLANG_WARN_EMPTY_BODY = YES;
				CLANG_WARN_ENUM_CONVERSION = YES;
				CLANG_WARN_INFINITE_RECURSION = YES;
				CLANG_WARN_INT_CONVERSION = YES;
				CLANG_WARN_NON_LITERAL_NULL_CONVERSION = YES;
				CLANG_WARN_OBJC_IMPLICIT_RETAIN_SELF = YES;
				CLANG_WARN_OBJC_LITERAL_CONVERSION = YES;
				CLANG_WARN_OBJC_ROOT_CLASS = YES_ERROR;
				CLANG_WARN_QUOTED_INCLUDE_IN_FRAMEWORK_HEADER = YES;
				CLANG_WARN_RANGE_LOOP_ANALYSIS = YES;
				CLANG_WARN_STRICT_PROTOTYPES = YES;
				CLANG_WARN_SUSPICIOUS_MOVE = YES;
				CLANG_WARN_UNGUARDED_AVAILABILITY = YES_AGGRESSIVE;
				CLANG_WARN_UNREACHABLE_CODE = YES;
				CLANG_WARN__DUPLICATE_METHOD_MATCH = YES;
				COPY_PHASE_STRIP = NO;
				DEBUG_INFORMATION_FORMAT = "dwarf-with-dsym";
				ENABLE_NS_ASSERTIONS = NO;
				ENABLE_STRICT_OBJC_MSGSEND = YES;
				ENABLE_USER_SCRIPT_SANDBOXING = YES;
				GCC_C_LANGUAGE_STANDARD = gnu17;
				GCC_NO_COMMON_BLOCKS = YES;
				GCC_WARN_64_TO_32_BIT_CONVERSION = YES;
				GCC_WARN_ABOUT_RETURN_TYPE = YES_ERROR;
				GCC_WARN_UNDECLARED_SELECTOR = YES;
				GCC_WARN_UNINITIALIZED_AUTOS = YES_AGGRESSIVE;
				GCC_WARN_UNUSED_FUNCTION = YES;
				GCC_WARN_UNUSED_VARIABLE = YES;
				LOCALIZATION_PREFERS_STRING_CATALOGS = YES;
				MACOSX_DEPLOYMENT_TARGET = 14.0;
				MTL_ENABLE_DEBUG_INFO = NO;
				MTL_FAST_MATH = YES;
				SDKROOT = macosx;
				SWIFT_COMPILATION_MODE = wholemodule;
			};
			name = Release;
		};
		C3B3F5EE2E826F0700D433D9 /* Debug */ = {
			isa = XCBuildConfiguration;
			buildSettings = {
				ASSETCATALOG_COMPILER_APPICON_NAME = AppIcon;
				ASSETCATALOG_COMPILER_GLOBAL_ACCENT_COLOR_NAME = AccentColor;
				CODE_SIGN_ENTITLEMENTS = "Chirkova-Daria/Chirkova_Daria.entitlements";
				CODE_SIGN_STYLE = Automatic;
				COMBINE_HIDPI_IMAGES = YES;
				CURRENT_PROJECT_VERSION = 1;
				DEVELOPMENT_ASSET_PATHS = "\"Chirkova-Daria/Preview Content\"";
				DEVELOPMENT_TEAM = FT3F64FYJH;
				ENABLE_HARDENED_RUNTIME = YES;
				ENABLE_PREVIEWS = YES;
				GENERATE_INFOPLIST_FILE = YES;
				INFOPLIST_KEY_NSHumanReadableCopyright = "";
				LD_RUNPATH_SEARCH_PATHS = (
					"$(inherited)",
					"@executable_path/../Frameworks",
				);
				MARKETING_VERSION = 1.0;
				PRODUCT_BUNDLE_IDENTIFIER = "Dasha.Chirkova-Daria";
				PRODUCT_NAME = "$(TARGET_NAME)";
				SWIFT_EMIT_LOC_STRINGS = YES;
				SWIFT_VERSION = 5.0;
			};
			name = Debug;
		};
		C3B3F5EF2E826F0700D433D9 /* Release */ = {
			isa = XCBuildConfiguration;
			buildSettings = {
				ASSETCATALOG_COMPILER_APPICON_NAME = AppIcon;
				ASSETCATALOG_COMPILER_GLOBAL_ACCENT_COLOR_NAME = AccentColor;
				CODE_SIGN_ENTITLEMENTS = "Chirkova-Daria/Chirkova_Daria.entitlements";
				CODE_SIGN_STYLE = Automatic;
				COMBINE_HIDPI_IMAGES = YES;
				CURRENT_PROJECT_VERSION = 1;
				DEVELOPMENT_ASSET_PATHS = "\"Chirkova-Daria/Preview Content\"";
				DEVELOPMENT_TEAM = FT3F64FYJH;
				ENABLE_HARDENED_RUNTIME = YES;
				ENABLE_PREVIEWS = YES;
				GENERATE_INFOPLIST_FILE = YES;
				INFOPLIST_KEY_NSHumanReadableCopyright = "";
				LD_RUNPATH_SEARCH_PATHS = (
					"$(inherited)",
					"@executable_path/../Frameworks",
				);
				MARKETING_VERSION = 1.0;
				PRODUCT_BUNDLE_IDENTIFIER = "Dasha.Chirkova-Daria";
				PRODUCT_NAME = "$(TARGET_NAME)";
				SWIFT_EMIT_LOC_STRINGS = YES;
				SWIFT_VERSION = 5.0;
			};
			name = Release;
		};
		C3B3F5F12E826F0700D433D9 /* Debug */ = {
			isa = XCBuildConfiguration;
			buildSettings = {
				ALWAYS_EMBED_SWIFT_STANDARD_LIBRARIES = YES;
				BUNDLE_LOADER = "$(TEST_HOST)";
				CODE_SIGN_STYLE = Automatic;
				CURRENT_PROJECT_VERSION = 1;
				DEVELOPMENT_TEAM = FT3F64FYJH;
				GENERATE_INFOPLIST_FILE = YES;
				MACOSX_DEPLOYMENT_TARGET = 14.0;
				MARKETING_VERSION = 1.0;
				PRODUCT_BUNDLE_IDENTIFIER = "Dasha.Chirkova-DariaTests";
				PRODUCT_NAME = "$(TARGET_NAME)";
				SWIFT_EMIT_LOC_STRINGS = NO;
				SWIFT_VERSION = 5.0;
				TEST_HOST = "$(BUILT_PRODUCTS_DIR)/Chirkova-Daria.app/$(BUNDLE_EXECUTABLE_FOLDER_PATH)/Chirkova-Daria";
			};
			name = Debug;
		};
		C3B3F5F22E826F0700D433D9 /* Release */ = {
			isa = XCBuildConfiguration;
			buildSettings = {
				ALWAYS_EMBED_SWIFT_STANDARD_LIBRARIES = YES;
				BUNDLE_LOADER = "$(TEST_HOST)";
				CODE_SIGN_STYLE = Automatic;
				CURRENT_PROJECT_VERSION = 1;
				DEVELOPMENT_TEAM = FT3F64FYJH;
				GENERATE_INFOPLIST_FILE = YES;
				MACOSX_DEPLOYMENT_TARGET = 14.0;
				MARKETING_VERSION = 1.0;
				PRODUCT_BUNDLE_IDENTIFIER = "Dasha.Chirkova-DariaTests";
				PRODUCT_NAME = "$(TARGET_NAME)";
				SWIFT_EMIT_LOC_STRINGS = NO;
				SWIFT_VERSION = 5.0;
				TEST_HOST = "$(BUILT_PRODUCTS_DIR)/Chirkova-Daria.app/$(BUNDLE_EXECUTABLE_FOLDER_PATH)/Chirkova-Daria";
			};
			name = Release;
		};
		C3B3F5F42E826F0700D433D9 /* Debug */ = {
			isa = XCBuildConfiguration;
			buildSettings = {
				ALWAYS_EMBED_SWIFT_STANDARD_LIBRARIES = YES;
				CODE_SIGN_STYLE = Automatic;
				CURRENT_PROJECT_VERSION = 1;
				DEVELOPMENT_TEAM = FT3F64FYJH;
				GENERATE_INFOPLIST_FILE = YES;
				MARKETING_VERSION = 1.0;
				PRODUCT_BUNDLE_IDENTIFIER = "Dasha.Chirkova-DariaUITests";
				PRODUCT_NAME = "$(TARGET_NAME)";
				SWIFT_EMIT_LOC_STRINGS = NO;
				SWIFT_VERSION = 5.0;
				TEST_TARGET_NAME = "Chirkova-Daria";
			};
			name = Debug;
		};
		C3B3F5F52E826F0700D433D9 /* Release */ = {
			isa = XCBuildConfiguration;
			buildSettings = {
				ALWAYS_EMBED_SWIFT_STANDARD_LIBRARIES = YES;
				CODE_SIGN_STYLE = Automatic;
				CURRENT_PROJECT_VERSION = 1;
				DEVELOPMENT_TEAM = FT3F64FYJH;
				GENERATE_INFOPLIST_FILE = YES;
				MARKETING_VERSION = 1.0;
				PRODUCT_BUNDLE_IDENTIFIER = "Dasha.Chirkova-DariaUITests";
				PRODUCT_NAME = "$(TARGET_NAME)";
				SWIFT_EMIT_LOC_STRINGS = NO;
				SWIFT_VERSION = 5.0;
				TEST_TARGET_NAME = "Chirkova-Daria";
			};
			name = Release;
		};
/* End XCBuildConfiguration section */

/* Begin XCConfigurationList section */
		C3B3F5C32E826F0500D433D9 /* Build configuration list for PBXProject "Chirkova-Daria" */ = {
			isa = XCConfigurationList;
			buildConfigurations = (
				C3B3F5EB2E826F0700D433D9 /* Debug */,
				C3B3F5EC2E826F0700D433D9 /* Release */,
			);
			defaultConfigurationIsVisible = 0;
			defaultConfigurationName = Release;
		};
		C3B3F5ED2E826F0700D433D9 /* Build configuration list for PBXNativeTarget "Chirkova-Daria" */ = {
			isa = XCConfigurationList;
			buildConfigurations = (
				C3B3F5EE2E826F0700D433D9 /* Debug */,
				C3B3F5EF2E826F0700D433D9 /* Release */,
			);
			defaultConfigurationIsVisible = 0;
			defaultConfigurationName = Release;
		};
		C3B3F5F02E826F0700D433D9 /* Build configuration list for PBXNativeTarget "Chirkova-DariaTests" */ = {
			isa = XCConfigurationList;
			buildConfigurations = (
				C3B3F5F12E826F0700D433D9 /* Debug */,
				C3B3F5F22E826F0700D433D9 /* Release */,
			);
			defaultConfigurationIsVisible = 0;
			defaultConfigurationName = Release;
		};
		C3B3F5F32E826F0700D433D9 /* Build configuration list for PBXNativeTarget "Chirkova-DariaUITests" */ = {
			isa = XCConfigurationList;
			buildConfigurations = (
				C3B3F5F42E826F0700D433D9 /* Debug */,
				C3B3F5F52E826F0700D433D9 /* Release */,
			);
			defaultConfigurationIsVisible = 0;
			defaultConfigurationName = Release;
		};
/* End XCConfigurationList section */
	};
	rootObject = C3B3F5C02E826F0500D433D9 /* Project object */;
}
